
Microsoft Visual Studio Solution File, Format Version 12.00
# Visual Studio Version 17
VisualStudioVersion = 17.9.34728.123
MinimumVisualStudioVersion = 10.0.40219.1
Project("{FAE04EC0-301F-11D3-BF4B-00C04F79EFBC}") = "EFCoreCodeFirstApp", "EFCoreCodeFirstApp\EFCoreCodeFirstApp.csproj", "{346DC09D-ACD5-4D1A-8A3B-385E7FBD7FDC}"
EndProject
Global
	GlobalSection(SolutionConfigurationPlatforms) = preSolution
		Debug|Any CPU = Debug|Any CPU
		Release|Any CPU = Release|Any CPU
	EndGlobalSection
	GlobalSection(ProjectConfigurationPlatforms) = postSolution
		{346DC09D-ACD5-4D1A-8A3B-385E7FBD7FDC}.Debug|Any CPU.ActiveCfg = Debug|Any CPU
		{346DC09D-ACD5-4D1A-8A3B-385E7FBD7FDC}.Debug|Any CPU.Build.0 = Debug|Any CPU
		{346DC09D-ACD5-4D1A-8A3B-385E7FBD7FDC}.Release|Any CPU.ActiveCfg = Release|Any CPU
		{346DC09D-ACD5-4D1A-8A3B-385E7FBD7FDC}.Release|Any CPU.Build.0 = Release|Any CPU
	EndGlobalSection
	GlobalSection(SolutionProperties) = preSolution
		HideSolutionNode = FALSE
	EndGlobalSection
	GlobalSection(ExtensibilityGlobals) = postSolution
		SolutionGuid = {169657FD-1CF2-4D1A-8D1D-6576BF0001EC}
	EndGlobalSection
EndGlobal
